
Microsoft Visual Studio Solution File, Format Version 12.00
# Visual Studio Version 17
VisualStudioVersion = 17.9.34728.123
MinimumVisualStudioVersion = 10.0.40219.1
Project("{FAE04EC0-301F-11D3-BF4B-00C04F79EFBC}") = "OrdenacaoDeVetor", "OrdenacaoDeVetor\OrdenacaoDeVetor.csproj", "{36057056-00B3-44E9-BD21-5A1FE1BDA920}"
EndProject
Global
	GlobalSection(SolutionConfigurationPlatforms) = preSolution
		Debug|Any CPU = Debug|Any CPU
		Release|Any CPU = Release|Any CPU
	EndGlobalSection
	GlobalSection(ProjectConfigurationPlatforms) = postSolution
		{36057056-00B3-44E9-BD21-5A1FE1BDA920}.Debug|Any CPU.ActiveCfg = Debug|Any CPU
		{36057056-00B3-44E9-BD21-5A1FE1BDA920}.Debug|Any CPU.Build.0 = Debug|Any CPU
		{36057056-00B3-44E9-BD21-5A1FE1BDA920}.Release|Any CPU.ActiveCfg = Release|Any CPU
		{36057056-00B3-44E9-BD21-5A1FE1BDA920}.Release|Any CPU.Build.0 = Release|Any CPU
	EndGlobalSection
	GlobalSection(SolutionProperties) = preSolution
		HideSolutionNode = FALSE
	EndGlobalSection
	GlobalSection(ExtensibilityGlobals) = postSolution
		SolutionGuid = {FFF5AEE4-F4CD-44BD-A75E-B09C51EE1956}
	EndGlobalSection
EndGlobal
